
Microsoft Visual Studio Solution File, Format Version 12.00
# Visual Studio 15
VisualStudioVersion = 15.0.27004.2009
MinimumVisualStudioVersion = 10.0.40219.1
Project("{FAE04EC0-301F-11D3-BF4B-00C04F79EFBC}") = "Rajdhani.Web", "Rajdhani.Web\Rajdhani.Web.csproj", "{BC67A64D-3FD9-47F1-A8EB-3F4E2A2EB152}"
EndProject
Global
	GlobalSection(SolutionConfigurationPlatforms) = preSolution
		Debug|Any CPU = Debug|Any CPU
		Release|Any CPU = Release|Any CPU
	EndGlobalSection
	GlobalSection(ProjectConfigurationPlatforms) = postSolution
		{BC67A64D-3FD9-47F1-A8EB-3F4E2A2EB152}.Debug|Any CPU.ActiveCfg = Debug|Any CPU
		{BC67A64D-3FD9-47F1-A8EB-3F4E2A2EB152}.Debug|Any CPU.Build.0 = Debug|Any CPU
		{BC67A64D-3FD9-47F1-A8EB-3F4E2A2EB152}.Release|Any CPU.ActiveCfg = Release|Any CPU
		{BC67A64D-3FD9-47F1-A8EB-3F4E2A2EB152}.Release|Any CPU.Build.0 = Release|Any CPU
	EndGlobalSection
	GlobalSection(SolutionProperties) = preSolution
		HideSolutionNode = FALSE
	EndGlobalSection
	GlobalSection(ExtensibilityGlobals) = postSolution
		SolutionGuid = {31917009-7285-4FE6-A8AD-4A5B6E2DBAB0}
	EndGlobalSection
EndGlobal
